<?xml version="1.0" encoding="utf-8"?>
<Project ToolsVersion="4.0" xmlns="http://schemas.microsoft.com/developer/msbuild/2003">
  <ItemGroup>
    <Filter Include="Application">
      <UniqueIdentifier>{7fc4b757-8c33-4e20-b648-aeed8c4200d4}</UniqueIdentifier>
    </Filter>
    <Filter Include="Card">
      <UniqueIdentifier>{03b9be2d-4be0-4fdc-b927-83d0c1470716}</UniqueIdentifier>
    </Filter>
    <Filter Include="Terminal">
      <UniqueIdentifier>{0462616a-9c1b-49c6-ac4b-e32836b96f4c}</UniqueIdentifier>
    </Filter>
    <Filter Include="Server">
      <UniqueIdentifier>{cbf656a9-246b-4766-a144-91c78384cfef}</UniqueIdentifier>
    </Filter>
    <Filter Include="Main">
      <UniqueIdentifier>{4FC737F1-C7A5-4376-A066-2A32D752A2FF}</UniqueIdentifier>
      <Extensions>cpp;c;cc;cxx;c++;cppm;ixx;def;odl;idl;hpj;bat;asm;asmx</Extensions>
    </Filter>
  </ItemGroup>
  <ItemGroup>
    <ClCompile Include="Application\app.c">
      <Filter>Application</Filter>
    </ClCompile>
    <ClCompile Include="Card\card.c">
      <Filter>Card</Filter>
    </ClCompile>
    <ClCompile Include="Server\server.c">
      <Filter>Server</Filter>
    </ClCompile>
    <ClCompile Include="Terminal\terminal.c">
      <Filter>Terminal</Filter>
    </ClCompile>
    <ClCompile Include="main.c">
      <Filter>Main</Filter>
    </ClCompile>
  </ItemGroup>
  <ItemGroup>
    <ClInclude Include="Application\app.h">
      <Filter>Application</Filter>
    </ClInclude>
    <ClInclude Include="Card\card.h">
      <Filter>Card</Filter>
    </ClInclude>
    <ClInclude Include="Server\server.h">
      <Filter>Server</Filter>
    </ClInclude>
    <ClInclude Include="Terminal\terminal.h">
      <Filter>Terminal</Filter>
    </ClInclude>
  </ItemGroup>
</Project>